
Microsoft Visual Studio Solution File, Format Version 12.00
# Visual Studio Version 16
VisualStudioVersion = 16.0.31613.86
MinimumVisualStudioVersion = 10.0.40219.1
Project("{9A19103F-16F7-4668-BE54-9A1E7A4F7556}") = "ShList.BlazorSrv", "ShList.BlazorSrv\ShList.BlazorSrv.csproj", "{1E723B49-0368-4BEB-9F97-25B6F8BD2F29}"
EndProject
Project("{2150E333-8FDC-42A3-9474-1A3956D46DE8}") = "Balsamiq", "Balsamiq", "{AA3F5835-16E1-40F0-BF72-3379F0F0EBB3}"
	ProjectSection(SolutionItems) = preProject
		Balsamiq\List Edit.png = Balsamiq\List Edit.png
		Balsamiq\List Running.png = Balsamiq\List Running.png
		Balsamiq\Lists.png = Balsamiq\Lists.png
		Balsamiq\Product Detail.png = Balsamiq\Product Detail.png
		Balsamiq\Screen Mockups.bmpr = Balsamiq\Screen Mockups.bmpr
	EndProjectSection
EndProject
Global
	GlobalSection(SolutionConfigurationPlatforms) = preSolution
		Debug|Any CPU = Debug|Any CPU
		Release|Any CPU = Release|Any CPU
	EndGlobalSection
	GlobalSection(ProjectConfigurationPlatforms) = postSolution
		{1E723B49-0368-4BEB-9F97-25B6F8BD2F29}.Debug|Any CPU.ActiveCfg = Debug|Any CPU
		{1E723B49-0368-4BEB-9F97-25B6F8BD2F29}.Debug|Any CPU.Build.0 = Debug|Any CPU
		{1E723B49-0368-4BEB-9F97-25B6F8BD2F29}.Release|Any CPU.ActiveCfg = Release|Any CPU
		{1E723B49-0368-4BEB-9F97-25B6F8BD2F29}.Release|Any CPU.Build.0 = Release|Any CPU
	EndGlobalSection
	GlobalSection(SolutionProperties) = preSolution
		HideSolutionNode = FALSE
	EndGlobalSection
	GlobalSection(ExtensibilityGlobals) = postSolution
		SolutionGuid = {7BAF341D-84D0-4313-8BBC-B4E7416536F8}
	EndGlobalSection
EndGlobal
